# THIS IS AN AUTOGENERATED FILE. DO NOT EDIT THIS FILE DIRECTLY.
# yarn lockfile v1


address@^1.2.2:
  version "1.2.2"
  resolved "https://registry.yarnpkg.com/address/-/address-1.2.2.tgz#2b5248dac5485a6390532c6a517fda2e3faac89e"
  integrity sha512-4B/qKCfeE/ODUaAUpSwfzazo5x29WD4r3vXiWsB7I2mSDAihwEqKO+g8GELZUQSSAo5e1XTYh3ZVfLyxBc12nA==

express-healthcheck@^0.1.0:
  version "0.1.0"
  resolved "https://registry.yarnpkg.com/express-healthcheck/-/express-healthcheck-0.1.0.tgz#cabec78129c4cb90cd7fb894dfae21b82e27cb07"
  integrity sha512-FKQVgDo1FMSOYflEq4g6CvNk6stbpkuX0MWXmul8dSICuw/b+3JgoYOq/aiDcYid5k42jh/4HYLYC/M/qDBEuQ==

ip@^1.1.8:
  version "1.1.8"
  resolved "https://registry.yarnpkg.com/ip/-/ip-1.1.8.tgz#ae05948f6b075435ed3307acce04629da8cdbf48"
  integrity sha512-PuExPYUiu6qMBQb4l06ecm6T6ujzhmh+MeJcW9wa89PoAz5pvd4zPgN5WJV104mb6S2T1AwNIAaB70JNrLQWhg==

typescript@^4.9.5:
  version "4.9.5"
  resolved "https://registry.yarnpkg.com/typescript/-/typescript-4.9.5.tgz#095979f9bcc0d09da324d58d03ce8f8374cbe65a"
  integrity sha512-1FXk9E2Hm+QzZQ7z+McJiHL4NW1F2EzMu9Nq9i3zAaGqibafqYwCVU6WyWAuyQRRzOlxou8xZSyXLEN8oKj24g==
